
Microsoft Visual Studio Solution File, Format Version 12.00
# Visual Studio Version 16
VisualStudioVersion = 16.0.30114.105
MinimumVisualStudioVersion = 10.0.40219.1
Project("{2150E333-8FDC-42A3-9474-1A3956D46DE8}") = "src", "src", "{237C94DC-7A9C-4704-BF6A-8FA813964032}"
EndProject
Project("{FAE04EC0-301F-11D3-BF4B-00C04F79EFBC}") = "websearch.app", "src\websearch.app\websearch.app.csproj", "{5F3C34B1-1B0B-4E31-93E1-28D6106704D5}"
EndProject
Global
	GlobalSection(SolutionConfigurationPlatforms) = preSolution
		Debug|Any CPU = Debug|Any CPU
		Release|Any CPU = Release|Any CPU
	EndGlobalSection
	GlobalSection(SolutionProperties) = preSolution
		HideSolutionNode = FALSE
	EndGlobalSection
	GlobalSection(ProjectConfigurationPlatforms) = postSolution
		{5F3C34B1-1B0B-4E31-93E1-28D6106704D5}.Debug|Any CPU.ActiveCfg = Debug|Any CPU
		{5F3C34B1-1B0B-4E31-93E1-28D6106704D5}.Debug|Any CPU.Build.0 = Debug|Any CPU
		{5F3C34B1-1B0B-4E31-93E1-28D6106704D5}.Release|Any CPU.ActiveCfg = Release|Any CPU
		{5F3C34B1-1B0B-4E31-93E1-28D6106704D5}.Release|Any CPU.Build.0 = Release|Any CPU
	EndGlobalSection
	GlobalSection(NestedProjects) = preSolution
		{5F3C34B1-1B0B-4E31-93E1-28D6106704D5} = {237C94DC-7A9C-4704-BF6A-8FA813964032}
	EndGlobalSection
EndGlobal
